{
  "object": {
    "pins": [
      {
        "package": "Alamofire",
        "repositoryURL": "https://github.com/Alamofire/Alamofire",
        "state": {
          "branch": null,
          "revision": "becd9a729a37bdbef5bc39dc3c702b99f9e3d046",
          "version": "5.2.2"
        }
      },
      {
        "package": "KakaoSDK",
        "repositoryURL": "https://github.com/minsOne/KakaoSDK-SwiftPM.git",
        "state": {
          "branch": "master",
          "revision": "f33fdc6181c763b28d8f2c6530d348c4029ab2fd",
          "version": null
        }
      }
    ]
  },
  "version": 1
}
